
Microsoft Visual Studio Solution File, Format Version 12.00
# Visual Studio Version 16
VisualStudioVersion = 16.0.31229.75
MinimumVisualStudioVersion = 10.0.40219.1
Project("{FAE04EC0-301F-11D3-BF4B-00C04F79EFBC}") = "AlleShop", "AlleShop\AlleShop.csproj", "{ADCFC905-3290-419B-9787-ABE24036678C}"
EndProject
Project("{FAE04EC0-301F-11D3-BF4B-00C04F79EFBC}") = "UserAPI", "UserAPI\UserAPI.csproj", "{015666F9-6662-4DA5-8BFF-FC594360F36B}"
EndProject
Project("{FAE04EC0-301F-11D3-BF4B-00C04F79EFBC}") = "AdminAPI", "AdminAPI\AdminAPI.csproj", "{B1DED3CA-1F05-4E4F-A4CC-6BE3EEFCB808}"
EndProject
Global
	GlobalSection(SolutionConfigurationPlatforms) = preSolution
		Debug|Any CPU = Debug|Any CPU
		Release|Any CPU = Release|Any CPU
	EndGlobalSection
	GlobalSection(ProjectConfigurationPlatforms) = postSolution
		{ADCFC905-3290-419B-9787-ABE24036678C}.Debug|Any CPU.ActiveCfg = Debug|Any CPU
		{ADCFC905-3290-419B-9787-ABE24036678C}.Debug|Any CPU.Build.0 = Debug|Any CPU
		{ADCFC905-3290-419B-9787-ABE24036678C}.Release|Any CPU.ActiveCfg = Release|Any CPU
		{ADCFC905-3290-419B-9787-ABE24036678C}.Release|Any CPU.Build.0 = Release|Any CPU
		{015666F9-6662-4DA5-8BFF-FC594360F36B}.Debug|Any CPU.ActiveCfg = Debug|Any CPU
		{015666F9-6662-4DA5-8BFF-FC594360F36B}.Debug|Any CPU.Build.0 = Debug|Any CPU
		{015666F9-6662-4DA5-8BFF-FC594360F36B}.Release|Any CPU.ActiveCfg = Release|Any CPU
		{015666F9-6662-4DA5-8BFF-FC594360F36B}.Release|Any CPU.Build.0 = Release|Any CPU
		{B1DED3CA-1F05-4E4F-A4CC-6BE3EEFCB808}.Debug|Any CPU.ActiveCfg = Debug|Any CPU
		{B1DED3CA-1F05-4E4F-A4CC-6BE3EEFCB808}.Debug|Any CPU.Build.0 = Debug|Any CPU
		{B1DED3CA-1F05-4E4F-A4CC-6BE3EEFCB808}.Release|Any CPU.ActiveCfg = Release|Any CPU
		{B1DED3CA-1F05-4E4F-A4CC-6BE3EEFCB808}.Release|Any CPU.Build.0 = Release|Any CPU
	EndGlobalSection
	GlobalSection(SolutionProperties) = preSolution
		HideSolutionNode = FALSE
	EndGlobalSection
	GlobalSection(ExtensibilityGlobals) = postSolution
		SolutionGuid = {5376FAC4-86F8-4808-A7C0-24ADFA4810BE}
	EndGlobalSection
EndGlobal
